
Microsoft Visual Studio Solution File, Format Version 12.00
# Visual Studio 15
VisualStudioVersion = 15.0.27703.2018
MinimumVisualStudioVersion = 10.0.40219.1
Project("{FAE04EC0-301F-11D3-BF4B-00C04F79EFBC}") = "Jeu super héro Noah", "Jeu super héro Noah\Jeu super héro Noah.csproj", "{CE3F2201-6820-427D-A9BB-28752A15B34F}"
EndProject
Global
	GlobalSection(SolutionConfigurationPlatforms) = preSolution
		Debug|Any CPU = Debug|Any CPU
		Release|Any CPU = Release|Any CPU
	EndGlobalSection
	GlobalSection(ProjectConfigurationPlatforms) = postSolution
		{CE3F2201-6820-427D-A9BB-28752A15B34F}.Debug|Any CPU.ActiveCfg = Debug|Any CPU
		{CE3F2201-6820-427D-A9BB-28752A15B34F}.Debug|Any CPU.Build.0 = Debug|Any CPU
		{CE3F2201-6820-427D-A9BB-28752A15B34F}.Release|Any CPU.ActiveCfg = Release|Any CPU
		{CE3F2201-6820-427D-A9BB-28752A15B34F}.Release|Any CPU.Build.0 = Release|Any CPU
	EndGlobalSection
	GlobalSection(SolutionProperties) = preSolution
		HideSolutionNode = FALSE
	EndGlobalSection
	GlobalSection(ExtensibilityGlobals) = postSolution
		SolutionGuid = {C4D77D8D-63B6-4B41-8195-CAD84C20752F}
	EndGlobalSection
EndGlobal
